
Microsoft Visual Studio Solution File, Format Version 12.00
# Visual Studio Version 17
VisualStudioVersion = 17.9.34728.123
MinimumVisualStudioVersion = 10.0.40219.1
Project("{FAE04EC0-301F-11D3-BF4B-00C04F79EFBC}") = "01-Nate.Core", "src\Nate.Core\01-Nate.Core.csproj", "{554DC97C-E689-4827-9C54-28B73DA1275F}"
EndProject
Project("{2150E333-8FDC-42A3-9474-1A3956D46DE8}") = "src", "src", "{1781AD13-7CDC-4E61-8031-351009AC6AF5}"
EndProject
Project("{2150E333-8FDC-42A3-9474-1A3956D46DE8}") = "02-Data", "02-Data", "{869909E5-2C2A-4BCF-92AB-80B68766C871}"
EndProject
Project("{2150E333-8FDC-42A3-9474-1A3956D46DE8}") = "01-Core", "01-Core", "{64F17AAB-0435-403E-93EF-D55862B812F1}"
EndProject
Project("{FAE04EC0-301F-11D3-BF4B-00C04F79EFBC}") = "02-Nate.Data.EntityFrameworkCore", "src\Nate.Data.EntityFrameworkCore\02-Nate.Data.EntityFrameworkCore.csproj", "{3E406324-FF99-4186-9AC0-22A59453C8A3}"
EndProject
Project("{FAE04EC0-301F-11D3-BF4B-00C04F79EFBC}") = "01-Nate.Data.EntityFrameworkCore.Sample", "src\Nate.Data.EntityFrameworkCore.Sample\01-Nate.Data.EntityFrameworkCore.Sample.csproj", "{07EDA0DF-B45A-4CC9-BE77-F4E61D36F6E2}"
EndProject
Project("{FAE04EC0-301F-11D3-BF4B-00C04F79EFBC}") = "01-Nate.Data.Core", "src\Nate.Data.Core\01-Nate.Data.Core.csproj", "{6E0284BC-A3BB-4160-9874-8C3200CC7678}"
EndProject
Project("{FAE04EC0-301F-11D3-BF4B-00C04F79EFBC}") = "02-Nate.AutoMapper", "src\Nate.AutoMapper\02-Nate.AutoMapper.csproj", "{0C90BEC4-4497-4ADA-B586-7643DC0C431F}"
EndProject
Project("{FAE04EC0-301F-11D3-BF4B-00C04F79EFBC}") = "03-Nate.Validation", "src\Nate.Validation\03-Nate.Validation.csproj", "{C20EB0E0-E2D8-43E8-A526-F3741C8A90F9}"
EndProject
Project("{2150E333-8FDC-42A3-9474-1A3956D46DE8}") = "09-Sample", "09-Sample", "{1FA83ED8-2B59-4CE1-B9A5-565220FA03B5}"
EndProject
Project("{FAE04EC0-301F-11D3-BF4B-00C04F79EFBC}") = "02-Nate.Validation.Sample", "src\Nate.Validation.Sample\02-Nate.Validation.Sample.csproj", "{0E3BC6CF-711B-4D1B-95A2-EE46273B4540}"
EndProject
Global
	GlobalSection(SolutionConfigurationPlatforms) = preSolution
		Debug|Any CPU = Debug|Any CPU
		Release|Any CPU = Release|Any CPU
	EndGlobalSection
	GlobalSection(ProjectConfigurationPlatforms) = postSolution
		{554DC97C-E689-4827-9C54-28B73DA1275F}.Debug|Any CPU.ActiveCfg = Debug|Any CPU
		{554DC97C-E689-4827-9C54-28B73DA1275F}.Debug|Any CPU.Build.0 = Debug|Any CPU
		{554DC97C-E689-4827-9C54-28B73DA1275F}.Release|Any CPU.ActiveCfg = Release|Any CPU
		{554DC97C-E689-4827-9C54-28B73DA1275F}.Release|Any CPU.Build.0 = Release|Any CPU
		{3E406324-FF99-4186-9AC0-22A59453C8A3}.Debug|Any CPU.ActiveCfg = Debug|Any CPU
		{3E406324-FF99-4186-9AC0-22A59453C8A3}.Debug|Any CPU.Build.0 = Debug|Any CPU
		{3E406324-FF99-4186-9AC0-22A59453C8A3}.Release|Any CPU.ActiveCfg = Release|Any CPU
		{3E406324-FF99-4186-9AC0-22A59453C8A3}.Release|Any CPU.Build.0 = Release|Any CPU
		{07EDA0DF-B45A-4CC9-BE77-F4E61D36F6E2}.Debug|Any CPU.ActiveCfg = Debug|Any CPU
		{07EDA0DF-B45A-4CC9-BE77-F4E61D36F6E2}.Debug|Any CPU.Build.0 = Debug|Any CPU
		{07EDA0DF-B45A-4CC9-BE77-F4E61D36F6E2}.Release|Any CPU.ActiveCfg = Release|Any CPU
		{07EDA0DF-B45A-4CC9-BE77-F4E61D36F6E2}.Release|Any CPU.Build.0 = Release|Any CPU
		{6E0284BC-A3BB-4160-9874-8C3200CC7678}.Debug|Any CPU.ActiveCfg = Debug|Any CPU
		{6E0284BC-A3BB-4160-9874-8C3200CC7678}.Debug|Any CPU.Build.0 = Debug|Any CPU
		{6E0284BC-A3BB-4160-9874-8C3200CC7678}.Release|Any CPU.ActiveCfg = Release|Any CPU
		{6E0284BC-A3BB-4160-9874-8C3200CC7678}.Release|Any CPU.Build.0 = Release|Any CPU
		{0C90BEC4-4497-4ADA-B586-7643DC0C431F}.Debug|Any CPU.ActiveCfg = Debug|Any CPU
		{0C90BEC4-4497-4ADA-B586-7643DC0C431F}.Debug|Any CPU.Build.0 = Debug|Any CPU
		{0C90BEC4-4497-4ADA-B586-7643DC0C431F}.Release|Any CPU.ActiveCfg = Release|Any CPU
		{0C90BEC4-4497-4ADA-B586-7643DC0C431F}.Release|Any CPU.Build.0 = Release|Any CPU
		{C20EB0E0-E2D8-43E8-A526-F3741C8A90F9}.Debug|Any CPU.ActiveCfg = Debug|Any CPU
		{C20EB0E0-E2D8-43E8-A526-F3741C8A90F9}.Debug|Any CPU.Build.0 = Debug|Any CPU
		{C20EB0E0-E2D8-43E8-A526-F3741C8A90F9}.Release|Any CPU.ActiveCfg = Release|Any CPU
		{C20EB0E0-E2D8-43E8-A526-F3741C8A90F9}.Release|Any CPU.Build.0 = Release|Any CPU
		{0E3BC6CF-711B-4D1B-95A2-EE46273B4540}.Debug|Any CPU.ActiveCfg = Debug|Any CPU
		{0E3BC6CF-711B-4D1B-95A2-EE46273B4540}.Debug|Any CPU.Build.0 = Debug|Any CPU
		{0E3BC6CF-711B-4D1B-95A2-EE46273B4540}.Release|Any CPU.ActiveCfg = Release|Any CPU
		{0E3BC6CF-711B-4D1B-95A2-EE46273B4540}.Release|Any CPU.Build.0 = Release|Any CPU
	EndGlobalSection
	GlobalSection(SolutionProperties) = preSolution
		HideSolutionNode = FALSE
	EndGlobalSection
	GlobalSection(NestedProjects) = preSolution
		{554DC97C-E689-4827-9C54-28B73DA1275F} = {64F17AAB-0435-403E-93EF-D55862B812F1}
		{869909E5-2C2A-4BCF-92AB-80B68766C871} = {1781AD13-7CDC-4E61-8031-351009AC6AF5}
		{64F17AAB-0435-403E-93EF-D55862B812F1} = {1781AD13-7CDC-4E61-8031-351009AC6AF5}
		{3E406324-FF99-4186-9AC0-22A59453C8A3} = {869909E5-2C2A-4BCF-92AB-80B68766C871}
		{07EDA0DF-B45A-4CC9-BE77-F4E61D36F6E2} = {1FA83ED8-2B59-4CE1-B9A5-565220FA03B5}
		{6E0284BC-A3BB-4160-9874-8C3200CC7678} = {869909E5-2C2A-4BCF-92AB-80B68766C871}
		{0C90BEC4-4497-4ADA-B586-7643DC0C431F} = {64F17AAB-0435-403E-93EF-D55862B812F1}
		{C20EB0E0-E2D8-43E8-A526-F3741C8A90F9} = {64F17AAB-0435-403E-93EF-D55862B812F1}
		{1FA83ED8-2B59-4CE1-B9A5-565220FA03B5} = {1781AD13-7CDC-4E61-8031-351009AC6AF5}
		{0E3BC6CF-711B-4D1B-95A2-EE46273B4540} = {1FA83ED8-2B59-4CE1-B9A5-565220FA03B5}
	EndGlobalSection
	GlobalSection(ExtensibilityGlobals) = postSolution
		SolutionGuid = {8CD68A22-D60E-4F4F-B637-24560AADA9E3}
	EndGlobalSection
EndGlobal
